
Microsoft Visual Studio Solution File, Format Version 12.00
# Visual Studio 2012
Project("{2150E333-8FDC-42A3-9474-1A3956D46DE8}") = ".nuget", ".nuget", "{94FF0757-DD3B-46E2-90F4-5C08DEB42743}"
	ProjectSection(SolutionItems) = preProject
		.nuget\NuGet.Config = .nuget\NuGet.Config
		.nuget\NuGet.exe = .nuget\NuGet.exe
		.nuget\NuGet.targets = .nuget\NuGet.targets
	EndProjectSection
EndProject
Project("{FAE04EC0-301F-11D3-BF4B-00C04F79EFBC}") = "VFSBaseTests", "VFSBaseTests\VFSBaseTests.csproj", "{6A331FB8-5B2B-4A27-A0E9-9086C02BF38A}"
EndProject
Project("{FAE04EC0-301F-11D3-BF4B-00C04F79EFBC}") = "VFSBase", "VFSBase\VFSBase.csproj", "{2996B9E0-F50A-468D-8282-F62435108C4F}"
EndProject
Project("{FAE04EC0-301F-11D3-BF4B-00C04F79EFBC}") = "VFSConsole", "VFSConsole\VFSConsole.csproj", "{FFCBEC0D-B275-45F5-A551-62D3BAF0B818}"
EndProject
Project("{FAE04EC0-301F-11D3-BF4B-00C04F79EFBC}") = "VFSConsoleTests", "VFSConsoleTests\VFSConsoleTests.csproj", "{7257D820-BD1D-4B1F-87E4-8C0A7499AD1E}"
EndProject
Project("{FAE04EC0-301F-11D3-BF4B-00C04F79EFBC}") = "VFSBrowser", "VFSBrowser\VFSBrowser.csproj", "{7537DC1D-FE8B-4565-A020-70768CC37E2B}"
EndProject
Project("{FAE04EC0-301F-11D3-BF4B-00C04F79EFBC}") = "VFSWCFService", "VFSWCFServer\VFSWCFService.csproj", "{4FED1B42-B203-41E0-AB35-0FC6038B3522}"
EndProject
Project("{FAE04EC0-301F-11D3-BF4B-00C04F79EFBC}") = "VFSWCFServiceTests", "VFSWCFServerTests\VFSWCFServiceTests.csproj", "{C5F35FC7-4499-4591-BE4D-3E7A1F3B48FA}"
EndProject
Project("{FAE04EC0-301F-11D3-BF4B-00C04F79EFBC}") = "VFSWCFServer", "VFSWCFServerConsole\VFSWCFServer.csproj", "{0F32C002-7072-4794-A069-CF5D28B89E7C}"
EndProject
Project("{FAE04EC0-301F-11D3-BF4B-00C04F79EFBC}") = "Startup", "Startup\Startup.csproj", "{FDCFC726-5C56-49F4-BCD9-5C82ACDD60FD}"
EndProject
Global
	GlobalSection(SolutionConfigurationPlatforms) = preSolution
		Debug|Any CPU = Debug|Any CPU
		Release|Any CPU = Release|Any CPU
	EndGlobalSection
	GlobalSection(ProjectConfigurationPlatforms) = postSolution
		{6A331FB8-5B2B-4A27-A0E9-9086C02BF38A}.Debug|Any CPU.ActiveCfg = Debug|Any CPU
		{6A331FB8-5B2B-4A27-A0E9-9086C02BF38A}.Debug|Any CPU.Build.0 = Debug|Any CPU
		{6A331FB8-5B2B-4A27-A0E9-9086C02BF38A}.Release|Any CPU.ActiveCfg = Release|Any CPU
		{6A331FB8-5B2B-4A27-A0E9-9086C02BF38A}.Release|Any CPU.Build.0 = Release|Any CPU
		{2996B9E0-F50A-468D-8282-F62435108C4F}.Debug|Any CPU.ActiveCfg = Debug|Any CPU
		{2996B9E0-F50A-468D-8282-F62435108C4F}.Debug|Any CPU.Build.0 = Debug|Any CPU
		{2996B9E0-F50A-468D-8282-F62435108C4F}.Release|Any CPU.ActiveCfg = Release|Any CPU
		{2996B9E0-F50A-468D-8282-F62435108C4F}.Release|Any CPU.Build.0 = Release|Any CPU
		{FFCBEC0D-B275-45F5-A551-62D3BAF0B818}.Debug|Any CPU.ActiveCfg = Debug|Any CPU
		{FFCBEC0D-B275-45F5-A551-62D3BAF0B818}.Debug|Any CPU.Build.0 = Debug|Any CPU
		{FFCBEC0D-B275-45F5-A551-62D3BAF0B818}.Release|Any CPU.ActiveCfg = Release|Any CPU
		{FFCBEC0D-B275-45F5-A551-62D3BAF0B818}.Release|Any CPU.Build.0 = Release|Any CPU
		{7257D820-BD1D-4B1F-87E4-8C0A7499AD1E}.Debug|Any CPU.ActiveCfg = Debug|Any CPU
		{7257D820-BD1D-4B1F-87E4-8C0A7499AD1E}.Debug|Any CPU.Build.0 = Debug|Any CPU
		{7257D820-BD1D-4B1F-87E4-8C0A7499AD1E}.Release|Any CPU.ActiveCfg = Release|Any CPU
		{7257D820-BD1D-4B1F-87E4-8C0A7499AD1E}.Release|Any CPU.Build.0 = Release|Any CPU
		{7537DC1D-FE8B-4565-A020-70768CC37E2B}.Debug|Any CPU.ActiveCfg = Debug|Any CPU
		{7537DC1D-FE8B-4565-A020-70768CC37E2B}.Debug|Any CPU.Build.0 = Debug|Any CPU
		{7537DC1D-FE8B-4565-A020-70768CC37E2B}.Release|Any CPU.ActiveCfg = Release|Any CPU
		{7537DC1D-FE8B-4565-A020-70768CC37E2B}.Release|Any CPU.Build.0 = Release|Any CPU
		{4FED1B42-B203-41E0-AB35-0FC6038B3522}.Debug|Any CPU.ActiveCfg = Debug|Any CPU
		{4FED1B42-B203-41E0-AB35-0FC6038B3522}.Debug|Any CPU.Build.0 = Debug|Any CPU
		{4FED1B42-B203-41E0-AB35-0FC6038B3522}.Release|Any CPU.ActiveCfg = Release|Any CPU
		{4FED1B42-B203-41E0-AB35-0FC6038B3522}.Release|Any CPU.Build.0 = Release|Any CPU
		{C5F35FC7-4499-4591-BE4D-3E7A1F3B48FA}.Debug|Any CPU.ActiveCfg = Debug|Any CPU
		{C5F35FC7-4499-4591-BE4D-3E7A1F3B48FA}.Debug|Any CPU.Build.0 = Debug|Any CPU
		{C5F35FC7-4499-4591-BE4D-3E7A1F3B48FA}.Release|Any CPU.ActiveCfg = Release|Any CPU
		{C5F35FC7-4499-4591-BE4D-3E7A1F3B48FA}.Release|Any CPU.Build.0 = Release|Any CPU
		{0F32C002-7072-4794-A069-CF5D28B89E7C}.Debug|Any CPU.ActiveCfg = Debug|Any CPU
		{0F32C002-7072-4794-A069-CF5D28B89E7C}.Debug|Any CPU.Build.0 = Debug|Any CPU
		{0F32C002-7072-4794-A069-CF5D28B89E7C}.Release|Any CPU.ActiveCfg = Release|Any CPU
		{0F32C002-7072-4794-A069-CF5D28B89E7C}.Release|Any CPU.Build.0 = Release|Any CPU
		{FDCFC726-5C56-49F4-BCD9-5C82ACDD60FD}.Debug|Any CPU.ActiveCfg = Debug|Any CPU
		{FDCFC726-5C56-49F4-BCD9-5C82ACDD60FD}.Debug|Any CPU.Build.0 = Debug|Any CPU
		{FDCFC726-5C56-49F4-BCD9-5C82ACDD60FD}.Release|Any CPU.ActiveCfg = Release|Any CPU
		{FDCFC726-5C56-49F4-BCD9-5C82ACDD60FD}.Release|Any CPU.Build.0 = Release|Any CPU
	EndGlobalSection
	GlobalSection(SolutionProperties) = preSolution
		HideSolutionNode = FALSE
	EndGlobalSection
	GlobalSection(ExtensibilityGlobals) = postSolution
		EnterpriseLibraryConfigurationToolBinariesPath = packages\Unity.2.1.505.2\lib\NET35
	EndGlobalSection
EndGlobal
